
Microsoft Visual Studio Solution File, Format Version 12.00
# Visual Studio Version 17
VisualStudioVersion = 17.7.34031.279
MinimumVisualStudioVersion = 10.0.40219.1
Project("{9A19103F-16F7-4668-BE54-9A1E7A4F7556}") = "MP09.UF01.P01.VisitaMedica", "MP09.UF01.P01.VisitaMedica\MP09.UF01.P01.VisitaMedica.csproj", "{E8D6EC85-0102-4028-B561-F4EE768D1A8A}"
EndProject
Global
	GlobalSection(SolutionConfigurationPlatforms) = preSolution
		Debug|Any CPU = Debug|Any CPU
		Release|Any CPU = Release|Any CPU
	EndGlobalSection
	GlobalSection(ProjectConfigurationPlatforms) = postSolution
		{E8D6EC85-0102-4028-B561-F4EE768D1A8A}.Debug|Any CPU.ActiveCfg = Debug|Any CPU
		{E8D6EC85-0102-4028-B561-F4EE768D1A8A}.Debug|Any CPU.Build.0 = Debug|Any CPU
		{E8D6EC85-0102-4028-B561-F4EE768D1A8A}.Release|Any CPU.ActiveCfg = Release|Any CPU
		{E8D6EC85-0102-4028-B561-F4EE768D1A8A}.Release|Any CPU.Build.0 = Release|Any CPU
	EndGlobalSection
	GlobalSection(SolutionProperties) = preSolution
		HideSolutionNode = FALSE
	EndGlobalSection
	GlobalSection(ExtensibilityGlobals) = postSolution
		SolutionGuid = {8C232EAB-810B-41B4-A8B9-B8F547321580}
	EndGlobalSection
EndGlobal
